
Microsoft Visual Studio Solution File, Format Version 12.00
# Visual Studio Version 16
VisualStudioVersion = 16.0.32630.194
MinimumVisualStudioVersion = 10.0.40219.1
Project("{FAE04EC0-301F-11D3-BF4B-00C04F79EFBC}") = "BancoAppV6", "BancoAppV6\BancoAppV6.csproj", "{99C09604-34E2-4BE2-861A-C62A9B3B54EF}"
EndProject
Global
	GlobalSection(SolutionConfigurationPlatforms) = preSolution
		Debug|Any CPU = Debug|Any CPU
		Release|Any CPU = Release|Any CPU
	EndGlobalSection
	GlobalSection(ProjectConfigurationPlatforms) = postSolution
		{99C09604-34E2-4BE2-861A-C62A9B3B54EF}.Debug|Any CPU.ActiveCfg = Debug|Any CPU
		{99C09604-34E2-4BE2-861A-C62A9B3B54EF}.Debug|Any CPU.Build.0 = Debug|Any CPU
		{99C09604-34E2-4BE2-861A-C62A9B3B54EF}.Release|Any CPU.ActiveCfg = Release|Any CPU
		{99C09604-34E2-4BE2-861A-C62A9B3B54EF}.Release|Any CPU.Build.0 = Release|Any CPU
	EndGlobalSection
	GlobalSection(SolutionProperties) = preSolution
		HideSolutionNode = FALSE
	EndGlobalSection
	GlobalSection(ExtensibilityGlobals) = postSolution
		SolutionGuid = {578ABC82-ADF0-4C00-A7FE-A62D91877B86}
	EndGlobalSection
EndGlobal
